
Microsoft Visual Studio Solution File, Format Version 12.00
# Visual Studio 15
VisualStudioVersion = 15.0.27004.2002
MinimumVisualStudioVersion = 10.0.40219.1
Project("{FAE04EC0-301F-11D3-BF4B-00C04F79EFBC}") = "Ripisha.Mobile", "Ripisha.Mobile\Ripisha.Mobile.csproj", "{94C131CB-714D-4839-A38B-0A36CA7348B4}"
EndProject
Project("{FAE04EC0-301F-11D3-BF4B-00C04F79EFBC}") = "Ripisha.Web", "Ripisha.Web\Ripisha.Web.csproj", "{1827325A-80D2-420B-9ECE-558180584C50}"
EndProject
Global
	GlobalSection(SolutionConfigurationPlatforms) = preSolution
		Debug|Any CPU = Debug|Any CPU
		Release|Any CPU = Release|Any CPU
	EndGlobalSection
	GlobalSection(ProjectConfigurationPlatforms) = postSolution
		{94C131CB-714D-4839-A38B-0A36CA7348B4}.Debug|Any CPU.ActiveCfg = Debug|Any CPU
		{94C131CB-714D-4839-A38B-0A36CA7348B4}.Debug|Any CPU.Build.0 = Debug|Any CPU
		{94C131CB-714D-4839-A38B-0A36CA7348B4}.Release|Any CPU.ActiveCfg = Release|Any CPU
		{94C131CB-714D-4839-A38B-0A36CA7348B4}.Release|Any CPU.Build.0 = Release|Any CPU
		{1827325A-80D2-420B-9ECE-558180584C50}.Debug|Any CPU.ActiveCfg = Debug|Any CPU
		{1827325A-80D2-420B-9ECE-558180584C50}.Debug|Any CPU.Build.0 = Debug|Any CPU
		{1827325A-80D2-420B-9ECE-558180584C50}.Release|Any CPU.ActiveCfg = Release|Any CPU
		{1827325A-80D2-420B-9ECE-558180584C50}.Release|Any CPU.Build.0 = Release|Any CPU
	EndGlobalSection
	GlobalSection(SolutionProperties) = preSolution
		HideSolutionNode = FALSE
	EndGlobalSection
	GlobalSection(ExtensibilityGlobals) = postSolution
		SolutionGuid = {9683A841-E62C-4CE3-A6C0-EA18CF0EBD9E}
	EndGlobalSection
EndGlobal
